// !$*UTF8*$!
{
	archiveVersion = 1;
	classes = {
	};
	objectVersion = 46;
	objects = {

/* Begin PBXBuildFile section */
		8625B16B1C2596C20064B09B /* Pichi.h in Headers */ = {isa = PBXBuildFile; fileRef = 8625B16A1C2596C20064B09B /* Pichi.h */; settings = {ATTRIBUTES = (Public, ); }; };
		8625B1721C2596C20064B09B /* Pichi.framework in Frameworks */ = {isa = PBXBuildFile; fileRef = 8625B1671C2596C20064B09B /* Pichi.framework */; };
		8625B1871C2596D40064B09B /* ResponseMapping.swift in Sources */ = {isa = PBXBuildFile; fileRef = 8625B1811C2596D40064B09B /* ResponseMapping.swift */; };
		8625B1881C2596D40064B09B /* RequestMapping.swift in Sources */ = {isa = PBXBuildFile; fileRef = 8625B1821C2596D40064B09B /* RequestMapping.swift */; };
		8625B1891C2596D40064B09B /* ManagedResponseMapping.swift in Sources */ = {isa = PBXBuildFile; fileRef = 8625B1831C2596D40064B09B /* ManagedResponseMapping.swift */; };
		8625B18A1C2596D40064B09B /* JSONRepresentable.swift in Sources */ = {isa = PBXBuildFile; fileRef = 8625B1841C2596D40064B09B /* JSONRepresentable.swift */; };
		8625B18B1C2596D40064B09B /* FromJSONMap.swift in Sources */ = {isa = PBXBuildFile; fileRef = 8625B1851C2596D40064B09B /* FromJSONMap.swift */; };
		8625B18C1C2596D40064B09B /* ToJSONMap.swift in Sources */ = {isa = PBXBuildFile; fileRef = 8625B1861C2596D40064B09B /* ToJSONMap.swift */; };
		8625B18F1C2596E20064B09B /* FromJSONMapTests.swift in Sources */ = {isa = PBXBuildFile; fileRef = 8625B18D1C2596E20064B09B /* FromJSONMapTests.swift */; };
		8625B1901C2596E20064B09B /* ToJSONMapTests.swift in Sources */ = {isa = PBXBuildFile; fileRef = 8625B18E1C2596E20064B09B /* ToJSONMapTests.swift */; };
		8625B1921C2596EC0064B09B /* CoreData.framework in Frameworks */ = {isa = PBXBuildFile; fileRef = 8625B1911C2596EC0064B09B /* CoreData.framework */; };
		8625B1951C25973E0064B09B /* Map.swift in Sources */ = {isa = PBXBuildFile; fileRef = 8625B1941C25973E0064B09B /* Map.swift */; };
		86E5A70D1C28937A00DB061E /* Model.swift in Sources */ = {isa = PBXBuildFile; fileRef = 86E5A70C1C28937A00DB061E /* Model.swift */; };
		86F207CE1C3EFF6100F3CEFF /* CollectionTransformsTests.swift in Sources */ = {isa = PBXBuildFile; fileRef = 86F207CD1C3EFF6100F3CEFF /* CollectionTransformsTests.swift */; };
		86F9C7881C3EC09600F5DD66 /* DictionaryMapperTests.swift in Sources */ = {isa = PBXBuildFile; fileRef = 86F9C7871C3EC09600F5DD66 /* DictionaryMapperTests.swift */; };
		D3605FD61C3BF8B9005F5AA1 /* CollectionTransforms.swift in Sources */ = {isa = PBXBuildFile; fileRef = D3605FD51C3BF8B9005F5AA1 /* CollectionTransforms.swift */; };
		D38A96611C3ABC500034A291 /* JSONRepresentableTests.swift in Sources */ = {isa = PBXBuildFile; fileRef = D38A96601C3ABC500034A291 /* JSONRepresentableTests.swift */; };
/* End PBXBuildFile section */

/* Begin PBXContainerItemProxy section */
		8625B1731C2596C20064B09B /* PBXContainerItemProxy */ = {
			isa = PBXContainerItemProxy;
			containerPortal = 8625B15E1C2596C20064B09B /* Project object */;
			proxyType = 1;
			remoteGlobalIDString = 8625B1661C2596C20064B09B;
			remoteInfo = Pichi;
		};
/* End PBXContainerItemProxy section */

/* Begin PBXFileReference section */
		8625B1671C2596C20064B09B /* Pichi.framework */ = {isa = PBXFileReference; explicitFileType = wrapper.framework; includeInIndex = 0; path = Pichi.framework; sourceTree = BUILT_PRODUCTS_DIR; };
		8625B16A1C2596C20064B09B /* Pichi.h */ = {isa = PBXFileReference; lastKnownFileType = sourcecode.c.h; path = Pichi.h; sourceTree = "<group>"; };
		8625B16C1C2596C20064B09B /* Info.plist */ = {isa = PBXFileReference; lastKnownFileType = text.plist.xml; path = Info.plist; sourceTree = "<group>"; };
		8625B1711C2596C20064B09B /* PichiTests.xctest */ = {isa = PBXFileReference; explicitFileType = wrapper.cfbundle; includeInIndex = 0; path = PichiTests.xctest; sourceTree = BUILT_PRODUCTS_DIR; };
		8625B1781C2596C20064B09B /* Info.plist */ = {isa = PBXFileReference; lastKnownFileType = text.plist.xml; path = Info.plist; sourceTree = "<group>"; };
		8625B1811C2596D40064B09B /* ResponseMapping.swift */ = {isa = PBXFileReference; fileEncoding = 4; lastKnownFileType = sourcecode.swift; path = ResponseMapping.swift; sourceTree = "<group>"; };
		8625B1821C2596D40064B09B /* RequestMapping.swift */ = {isa = PBXFileReference; fileEncoding = 4; lastKnownFileType = sourcecode.swift; path = RequestMapping.swift; sourceTree = "<group>"; };
		8625B1831C2596D40064B09B /* ManagedResponseMapping.swift */ = {isa = PBXFileReference; fileEncoding = 4; lastKnownFileType = sourcecode.swift; path = ManagedResponseMapping.swift; sourceTree = "<group>"; };
		8625B1841C2596D40064B09B /* JSONRepresentable.swift */ = {isa = PBXFileReference; fileEncoding = 4; lastKnownFileType = sourcecode.swift; path = JSONRepresentable.swift; sourceTree = "<group>"; };
		8625B1851C2596D40064B09B /* FromJSONMap.swift */ = {isa = PBXFileReference; fileEncoding = 4; lastKnownFileType = sourcecode.swift; path = FromJSONMap.swift; sourceTree = "<group>"; };
		8625B1861C2596D40064B09B /* ToJSONMap.swift */ = {isa = PBXFileReference; fileEncoding = 4; lastKnownFileType = sourcecode.swift; path = ToJSONMap.swift; sourceTree = "<group>"; };
		8625B18D1C2596E20064B09B /* FromJSONMapTests.swift */ = {isa = PBXFileReference; fileEncoding = 4; lastKnownFileType = sourcecode.swift; path = FromJSONMapTests.swift; sourceTree = "<group>"; };
		8625B18E1C2596E20064B09B /* ToJSONMapTests.swift */ = {isa = PBXFileReference; fileEncoding = 4; lastKnownFileType = sourcecode.swift; path = ToJSONMapTests.swift; sourceTree = "<group>"; };
		8625B1911C2596EC0064B09B /* CoreData.framework */ = {isa = PBXFileReference; lastKnownFileType = wrapper.framework; name = CoreData.framework; path = System/Library/Frameworks/CoreData.framework; sourceTree = SDKROOT; };
		8625B1941C25973E0064B09B /* Map.swift */ = {isa = PBXFileReference; fileEncoding = 4; lastKnownFileType = sourcecode.swift; path = Map.swift; sourceTree = "<group>"; };
		86E5A70C1C28937A00DB061E /* Model.swift */ = {isa = PBXFileReference; fileEncoding = 4; lastKnownFileType = sourcecode.swift; path = Model.swift; sourceTree = "<group>"; };
		86F207CD1C3EFF6100F3CEFF /* CollectionTransformsTests.swift */ = {isa = PBXFileReference; fileEncoding = 4; lastKnownFileType = sourcecode.swift; path = CollectionTransformsTests.swift; sourceTree = "<group>"; };
		86F9C7871C3EC09600F5DD66 /* DictionaryMapperTests.swift */ = {isa = PBXFileReference; fileEncoding = 4; lastKnownFileType = sourcecode.swift; path = DictionaryMapperTests.swift; sourceTree = "<group>"; };
		D3605FD51C3BF8B9005F5AA1 /* CollectionTransforms.swift */ = {isa = PBXFileReference; fileEncoding = 4; lastKnownFileType = sourcecode.swift; path = CollectionTransforms.swift; sourceTree = "<group>"; };
		D38A96601C3ABC500034A291 /* JSONRepresentableTests.swift */ = {isa = PBXFileReference; fileEncoding = 4; lastKnownFileType = sourcecode.swift; path = JSONRepresentableTests.swift; sourceTree = "<group>"; };
/* End PBXFileReference section */

/* Begin PBXFrameworksBuildPhase section */
		8625B1631C2596C20064B09B /* Frameworks */ = {
			isa = PBXFrameworksBuildPhase;
			buildActionMask = 2147483647;
			files = (
				8625B1921C2596EC0064B09B /* CoreData.framework in Frameworks */,
			);
			runOnlyForDeploymentPostprocessing = 0;
		};
		8625B16E1C2596C20064B09B /* Frameworks */ = {
			isa = PBXFrameworksBuildPhase;
			buildActionMask = 2147483647;
			files = (
				8625B1721C2596C20064B09B /* Pichi.framework in Frameworks */,
			);
			runOnlyForDeploymentPostprocessing = 0;
		};
/* End PBXFrameworksBuildPhase section */

/* Begin PBXGroup section */
		8625B15D1C2596C20064B09B = {
			isa = PBXGroup;
			children = (
				8625B1911C2596EC0064B09B /* CoreData.framework */,
				8625B1691C2596C20064B09B /* Pichi */,
				8625B1751C2596C20064B09B /* PichiTests */,
				8625B1681C2596C20064B09B /* Products */,
			);
			sourceTree = "<group>";
		};
		8625B1681C2596C20064B09B /* Products */ = {
			isa = PBXGroup;
			children = (
				8625B1671C2596C20064B09B /* Pichi.framework */,
				8625B1711C2596C20064B09B /* PichiTests.xctest */,
			);
			name = Products;
			sourceTree = "<group>";
		};
		8625B1691C2596C20064B09B /* Pichi */ = {
			isa = PBXGroup;
			children = (
				8625B1941C25973E0064B09B /* Map.swift */,
				8625B1811C2596D40064B09B /* ResponseMapping.swift */,
				8625B1821C2596D40064B09B /* RequestMapping.swift */,
				8625B1831C2596D40064B09B /* ManagedResponseMapping.swift */,
				8625B1841C2596D40064B09B /* JSONRepresentable.swift */,
				8625B1851C2596D40064B09B /* FromJSONMap.swift */,
				8625B1861C2596D40064B09B /* ToJSONMap.swift */,
				D3605FD51C3BF8B9005F5AA1 /* CollectionTransforms.swift */,
				8625B16A1C2596C20064B09B /* Pichi.h */,
				8625B16C1C2596C20064B09B /* Info.plist */,
			);
			path = Pichi;
			sourceTree = "<group>";
		};
		8625B1751C2596C20064B09B /* PichiTests */ = {
			isa = PBXGroup;
			children = (
				86E5A70B1C28937100DB061E /* Model */,
				8625B18D1C2596E20064B09B /* FromJSONMapTests.swift */,
				8625B18E1C2596E20064B09B /* ToJSONMapTests.swift */,
				D38A96601C3ABC500034A291 /* JSONRepresentableTests.swift */,
				86F9C7871C3EC09600F5DD66 /* DictionaryMapperTests.swift */,
				86F207CD1C3EFF6100F3CEFF /* CollectionTransformsTests.swift */,
				8625B1781C2596C20064B09B /* Info.plist */,
			);
			path = PichiTests;
			sourceTree = "<group>";
		};
		86E5A70B1C28937100DB061E /* Model */ = {
			isa = PBXGroup;
			children = (
				86E5A70C1C28937A00DB061E /* Model.swift */,
			);
			name = Model;
			sourceTree = "<group>";
		};
/* End PBXGroup section */

/* Begin PBXHeadersBuildPhase section */
		8625B1641C2596C20064B09B /* Headers */ = {
			isa = PBXHeadersBuildPhase;
			buildActionMask = 2147483647;
			files = (
				8625B16B1C2596C20064B09B /* Pichi.h in Headers */,
			);
			runOnlyForDeploymentPostprocessing = 0;
		};
/* End PBXHeadersBuildPhase section */

/* Begin PBXNativeTarget section */
		8625B1661C2596C20064B09B /* Pichi */ = {
			isa = PBXNativeTarget;
			buildConfigurationList = 8625B17B1C2596C20064B09B /* Build configuration list for PBXNativeTarget "Pichi" */;
			buildPhases = (
				8625B1621C2596C20064B09B /* Sources */,
				8625B1631C2596C20064B09B /* Frameworks */,
				8625B1641C2596C20064B09B /* Headers */,
				8625B1651C2596C20064B09B /* Resources */,
			);
			buildRules = (
			);
			dependencies = (
			);
			name = Pichi;
			productName = Pichi;
			productReference = 8625B1671C2596C20064B09B /* Pichi.framework */;
			productType = "com.apple.product-type.framework";
		};
		8625B1701C2596C20064B09B /* PichiTests */ = {
			isa = PBXNativeTarget;
			buildConfigurationList = 8625B17E1C2596C20064B09B /* Build configuration list for PBXNativeTarget "PichiTests" */;
			buildPhases = (
				8625B16D1C2596C20064B09B /* Sources */,
				8625B16E1C2596C20064B09B /* Frameworks */,
				8625B16F1C2596C20064B09B /* Resources */,
			);
			buildRules = (
			);
			dependencies = (
				8625B1741C2596C20064B09B /* PBXTargetDependency */,
			);
			name = PichiTests;
			productName = PichiTests;
			productReference = 8625B1711C2596C20064B09B /* PichiTests.xctest */;
			productType = "com.apple.product-type.bundle.unit-test";
		};
/* End PBXNativeTarget section */

/* Begin PBXProject section */
		8625B15E1C2596C20064B09B /* Project object */ = {
			isa = PBXProject;
			attributes = {
				LastSwiftUpdateCheck = 0710;
				LastUpgradeCheck = 0710;
				ORGANIZATIONNAME = baydet;
				TargetAttributes = {
					8625B1661C2596C20064B09B = {
						CreatedOnToolsVersion = 7.1.1;
					};
					8625B1701C2596C20064B09B = {
						CreatedOnToolsVersion = 7.1.1;
					};
				};
			};
			buildConfigurationList = 8625B1611C2596C20064B09B /* Build configuration list for PBXProject "Pichi" */;
			compatibilityVersion = "Xcode 3.2";
			developmentRegion = English;
			hasScannedForEncodings = 0;
			knownRegions = (
				en,
			);
			mainGroup = 8625B15D1C2596C20064B09B;
			productRefGroup = 8625B1681C2596C20064B09B /* Products */;
			projectDirPath = "";
			projectRoot = "";
			targets = (
				8625B1661C2596C20064B09B /* Pichi */,
				8625B1701C2596C20064B09B /* PichiTests */,
			);
		};
/* End PBXProject section */

/* Begin PBXResourcesBuildPhase section */
		8625B1651C2596C20064B09B /* Resources */ = {
			isa = PBXResourcesBuildPhase;
			buildActionMask = 2147483647;
			files = (
			);
			runOnlyForDeploymentPostprocessing = 0;
		};
		8625B16F1C2596C20064B09B /* Resources */ = {
			isa = PBXResourcesBuildPhase;
			buildActionMask = 2147483647;
			files = (
			);
			runOnlyForDeploymentPostprocessing = 0;
		};
/* End PBXResourcesBuildPhase section */

/* Begin PBXSourcesBuildPhase section */
		8625B1621C2596C20064B09B /* Sources */ = {
			isa = PBXSourcesBuildPhase;
			buildActionMask = 2147483647;
			files = (
				D3605FD61C3BF8B9005F5AA1 /* CollectionTransforms.swift in Sources */,
				8625B18A1C2596D40064B09B /* JSONRepresentable.swift in Sources */,
				8625B1891C2596D40064B09B /* ManagedResponseMapping.swift in Sources */,
				8625B1881C2596D40064B09B /* RequestMapping.swift in Sources */,
				8625B1951C25973E0064B09B /* Map.swift in Sources */,
				8625B18C1C2596D40064B09B /* ToJSONMap.swift in Sources */,
				8625B1871C2596D40064B09B /* ResponseMapping.swift in Sources */,
				8625B18B1C2596D40064B09B /* FromJSONMap.swift in Sources */,
			);
			runOnlyForDeploymentPostprocessing = 0;
		};
		8625B16D1C2596C20064B09B /* Sources */ = {
			isa = PBXSourcesBuildPhase;
			buildActionMask = 2147483647;
			files = (
				86F207CE1C3EFF6100F3CEFF /* CollectionTransformsTests.swift in Sources */,
				D38A96611C3ABC500034A291 /* JSONRepresentableTests.swift in Sources */,
				8625B18F1C2596E20064B09B /* FromJSONMapTests.swift in Sources */,
				86F9C7881C3EC09600F5DD66 /* DictionaryMapperTests.swift in Sources */,
				8625B1901C2596E20064B09B /* ToJSONMapTests.swift in Sources */,
				86E5A70D1C28937A00DB061E /* Model.swift in Sources */,
			);
			runOnlyForDeploymentPostprocessing = 0;
		};
/* End PBXSourcesBuildPhase section */

/* Begin PBXTargetDependency section */
		8625B1741C2596C20064B09B /* PBXTargetDependency */ = {
			isa = PBXTargetDependency;
			target = 8625B1661C2596C20064B09B /* Pichi */;
			targetProxy = 8625B1731C2596C20064B09B /* PBXContainerItemProxy */;
		};
/* End PBXTargetDependency section */

/* Begin XCBuildConfiguration section */
		8625B1791C2596C20064B09B /* Debug */ = {
			isa = XCBuildConfiguration;
			buildSettings = {
				ALWAYS_SEARCH_USER_PATHS = NO;
				CLANG_CXX_LANGUAGE_STANDARD = "gnu++0x";
				CLANG_CXX_LIBRARY = "libc++";
				CLANG_ENABLE_MODULES = YES;
				CLANG_ENABLE_OBJC_ARC = YES;
				CLANG_WARN_BOOL_CONVERSION = YES;
				CLANG_WARN_CONSTANT_CONVERSION = YES;
				CLANG_WARN_DIRECT_OBJC_ISA_USAGE = YES_ERROR;
				CLANG_WARN_EMPTY_BODY = YES;
				CLANG_WARN_ENUM_CONVERSION = YES;
				CLANG_WARN_INT_CONVERSION = YES;
				CLANG_WARN_OBJC_ROOT_CLASS = YES_ERROR;
				CLANG_WARN_UNREACHABLE_CODE = YES;
				CLANG_WARN__DUPLICATE_METHOD_MATCH = YES;
				"CODE_SIGN_IDENTITY[sdk=iphoneos*]" = "iPhone Developer";
				COPY_PHASE_STRIP = NO;
				CURRENT_PROJECT_VERSION = 1;
				DEBUG_INFORMATION_FORMAT = dwarf;
				ENABLE_STRICT_OBJC_MSGSEND = YES;
				ENABLE_TESTABILITY = YES;
				GCC_C_LANGUAGE_STANDARD = gnu99;
				GCC_DYNAMIC_NO_PIC = NO;
				GCC_NO_COMMON_BLOCKS = YES;
				GCC_OPTIMIZATION_LEVEL = 0;
				GCC_PREPROCESSOR_DEFINITIONS = (
					"DEBUG=1",
					"$(inherited)",
				);
				GCC_WARN_64_TO_32_BIT_CONVERSION = YES;
				GCC_WARN_ABOUT_RETURN_TYPE = YES_ERROR;
				GCC_WARN_UNDECLARED_SELECTOR = YES;
				GCC_WARN_UNINITIALIZED_AUTOS = YES_AGGRESSIVE;
				GCC_WARN_UNUSED_FUNCTION = YES;
				GCC_WARN_UNUSED_VARIABLE = YES;
				IPHONEOS_DEPLOYMENT_TARGET = 9.1;
				MTL_ENABLE_DEBUG_INFO = YES;
				ONLY_ACTIVE_ARCH = YES;
				SDKROOT = iphoneos;
				SWIFT_OPTIMIZATION_LEVEL = "-Onone";
				TARGETED_DEVICE_FAMILY = "1,2";
				VERSIONING_SYSTEM = "apple-generic";
				VERSION_INFO_PREFIX = "";
			};
			name = Debug;
		};
		8625B17A1C2596C20064B09B /* Release */ = {
			isa = XCBuildConfiguration;
			buildSettings = {
				ALWAYS_SEARCH_USER_PATHS = NO;
				CLANG_CXX_LANGUAGE_STANDARD = "gnu++0x";
				CLANG_CXX_LIBRARY = "libc++";
				CLANG_ENABLE_MODULES = YES;
				CLANG_ENABLE_OBJC_ARC = YES;
				CLANG_WARN_BOOL_CONVERSION = YES;
				CLANG_WARN_CONSTANT_CONVERSION = YES;
				CLANG_WARN_DIRECT_OBJC_ISA_USAGE = YES_ERROR;
				CLANG_WARN_EMPTY_BODY = YES;
				CLANG_WARN_ENUM_CONVERSION = YES;
				CLANG_WARN_INT_CONVERSION = YES;
				CLANG_WARN_OBJC_ROOT_CLASS = YES_ERROR;
				CLANG_WARN_UNREACHABLE_CODE = YES;
				CLANG_WARN__DUPLICATE_METHOD_MATCH = YES;
				"CODE_SIGN_IDENTITY[sdk=iphoneos*]" = "iPhone Developer";
				COPY_PHASE_STRIP = NO;
				CURRENT_PROJECT_VERSION = 1;
				DEBUG_INFORMATION_FORMAT = "dwarf-with-dsym";
				ENABLE_NS_ASSERTIONS = NO;
				ENABLE_STRICT_OBJC_MSGSEND = YES;
				GCC_C_LANGUAGE_STANDARD = gnu99;
				GCC_NO_COMMON_BLOCKS = YES;
				GCC_WARN_64_TO_32_BIT_CONVERSION = YES;
				GCC_WARN_ABOUT_RETURN_TYPE = YES_ERROR;
				GCC_WARN_UNDECLARED_SELECTOR = YES;
				GCC_WARN_UNINITIALIZED_AUTOS = YES_AGGRESSIVE;
				GCC_WARN_UNUSED_FUNCTION = YES;
				GCC_WARN_UNUSED_VARIABLE = YES;
				IPHONEOS_DEPLOYMENT_TARGET = 9.1;
				MTL_ENABLE_DEBUG_INFO = NO;
				SDKROOT = iphoneos;
				TARGETED_DEVICE_FAMILY = "1,2";
				VALIDATE_PRODUCT = YES;
				VERSIONING_SYSTEM = "apple-generic";
				VERSION_INFO_PREFIX = "";
			};
			name = Release;
		};
		8625B17C1C2596C20064B09B /* Debug */ = {
			isa = XCBuildConfiguration;
			buildSettings = {
				APPLICATION_EXTENSION_API_ONLY = YES;
				CLANG_ENABLE_MODULES = YES;
				DEFINES_MODULE = YES;
				DYLIB_COMPATIBILITY_VERSION = 1;
				DYLIB_CURRENT_VERSION = 1;
				DYLIB_INSTALL_NAME_BASE = "@rpath";
				INFOPLIST_FILE = Pichi/Info.plist;
				INSTALL_PATH = "$(LOCAL_LIBRARY_DIR)/Frameworks";
				IPHONEOS_DEPLOYMENT_TARGET = 8.0;
				LD_RUNPATH_SEARCH_PATHS = "$(inherited) @executable_path/Frameworks @loader_path/Frameworks";
				PRODUCT_BUNDLE_IDENTIFIER = by.baydet.Pichi;
				PRODUCT_NAME = "$(TARGET_NAME)";
				SKIP_INSTALL = YES;
				SWIFT_OPTIMIZATION_LEVEL = "-Onone";
			};
			name = Debug;
		};
		8625B17D1C2596C20064B09B /* Release */ = {
			isa = XCBuildConfiguration;
			buildSettings = {
				APPLICATION_EXTENSION_API_ONLY = YES;
				CLANG_ENABLE_MODULES = YES;
				DEFINES_MODULE = YES;
				DYLIB_COMPATIBILITY_VERSION = 1;
				DYLIB_CURRENT_VERSION = 1;
				DYLIB_INSTALL_NAME_BASE = "@rpath";
				INFOPLIST_FILE = Pichi/Info.plist;
				INSTALL_PATH = "$(LOCAL_LIBRARY_DIR)/Frameworks";
				IPHONEOS_DEPLOYMENT_TARGET = 8.0;
				LD_RUNPATH_SEARCH_PATHS = "$(inherited) @executable_path/Frameworks @loader_path/Frameworks";
				PRODUCT_BUNDLE_IDENTIFIER = by.baydet.Pichi;
				PRODUCT_NAME = "$(TARGET_NAME)";
				SKIP_INSTALL = YES;
			};
			name = Release;
		};
		8625B17F1C2596C20064B09B /* Debug */ = {
			isa = XCBuildConfiguration;
			buildSettings = {
				INFOPLIST_FILE = PichiTests/Info.plist;
				LD_RUNPATH_SEARCH_PATHS = "$(inherited) @executable_path/Frameworks @loader_path/Frameworks";
				PRODUCT_BUNDLE_IDENTIFIER = by.baydet.PichiTests;
				PRODUCT_NAME = "$(TARGET_NAME)";
			};
			name = Debug;
		};
		8625B1801C2596C20064B09B /* Release */ = {
			isa = XCBuildConfiguration;
			buildSettings = {
				INFOPLIST_FILE = PichiTests/Info.plist;
				LD_RUNPATH_SEARCH_PATHS = "$(inherited) @executable_path/Frameworks @loader_path/Frameworks";
				PRODUCT_BUNDLE_IDENTIFIER = by.baydet.PichiTests;
				PRODUCT_NAME = "$(TARGET_NAME)";
			};
			name = Release;
		};
/* End XCBuildConfiguration section */

/* Begin XCConfigurationList section */
		8625B1611C2596C20064B09B /* Build configuration list for PBXProject "Pichi" */ = {
			isa = XCConfigurationList;
			buildConfigurations = (
				8625B1791C2596C20064B09B /* Debug */,
				8625B17A1C2596C20064B09B /* Release */,
			);
			defaultConfigurationIsVisible = 0;
			defaultConfigurationName = Release;
		};
		8625B17B1C2596C20064B09B /* Build configuration list for PBXNativeTarget "Pichi" */ = {
			isa = XCConfigurationList;
			buildConfigurations = (
				8625B17C1C2596C20064B09B /* Debug */,
				8625B17D1C2596C20064B09B /* Release */,
			);
			defaultConfigurationIsVisible = 0;
			defaultConfigurationName = Release;
		};
		8625B17E1C2596C20064B09B /* Build configuration list for PBXNativeTarget "PichiTests" */ = {
			isa = XCConfigurationList;
			buildConfigurations = (
				8625B17F1C2596C20064B09B /* Debug */,
				8625B1801C2596C20064B09B /* Release */,
			);
			defaultConfigurationIsVisible = 0;
			defaultConfigurationName = Release;
		};
/* End XCConfigurationList section */
	};
	rootObject = 8625B15E1C2596C20064B09B /* Project object */;
}
